
Microsoft Visual Studio Solution File, Format Version 12.00
# Visual Studio Version 16
VisualStudioVersion = 16.0.31515.178
MinimumVisualStudioVersion = 10.0.40219.1
Project("{FAE04EC0-301F-11D3-BF4B-00C04F79EFBC}") = "ILCodeInjector", "ILCodeInjector\ILCodeInjector.csproj", "{6B510651-3993-49DB-A8A5-E737E38979F3}"
EndProject
Global
	GlobalSection(SolutionConfigurationPlatforms) = preSolution
		Debug|Any CPU = Debug|Any CPU
		Release|Any CPU = Release|Any CPU
	EndGlobalSection
	GlobalSection(ProjectConfigurationPlatforms) = postSolution
		{6B510651-3993-49DB-A8A5-E737E38979F3}.Debug|Any CPU.ActiveCfg = Debug|Any CPU
		{6B510651-3993-49DB-A8A5-E737E38979F3}.Debug|Any CPU.Build.0 = Debug|Any CPU
		{6B510651-3993-49DB-A8A5-E737E38979F3}.Release|Any CPU.ActiveCfg = Release|Any CPU
		{6B510651-3993-49DB-A8A5-E737E38979F3}.Release|Any CPU.Build.0 = Release|Any CPU
	EndGlobalSection
	GlobalSection(SolutionProperties) = preSolution
		HideSolutionNode = FALSE
	EndGlobalSection
	GlobalSection(ExtensibilityGlobals) = postSolution
		SolutionGuid = {15CB587A-9530-4D9E-A617-40AAE159F3CC}
	EndGlobalSection
EndGlobal
